
Microsoft Visual Studio Solution File, Format Version 12.00
# Visual Studio Version 17
VisualStudioVersion = 17.1.32319.34
MinimumVisualStudioVersion = 10.0.40219.1
Project("{FAE04EC0-301F-11D3-BF4B-00C04F79EFBC}") = "Minesweeper", "Minesweeper\Minesweeper.csproj", "{DB7B31FE-3954-4064-8206-4910C022E761}"
EndProject
Global
	GlobalSection(SolutionConfigurationPlatforms) = preSolution
		Debug|Any CPU = Debug|Any CPU
		Release|Any CPU = Release|Any CPU
	EndGlobalSection
	GlobalSection(ProjectConfigurationPlatforms) = postSolution
		{DB7B31FE-3954-4064-8206-4910C022E761}.Debug|Any CPU.ActiveCfg = Debug|Any CPU
		{DB7B31FE-3954-4064-8206-4910C022E761}.Debug|Any CPU.Build.0 = Debug|Any CPU
		{DB7B31FE-3954-4064-8206-4910C022E761}.Release|Any CPU.ActiveCfg = Release|Any CPU
		{DB7B31FE-3954-4064-8206-4910C022E761}.Release|Any CPU.Build.0 = Release|Any CPU
	EndGlobalSection
	GlobalSection(SolutionProperties) = preSolution
		HideSolutionNode = FALSE
	EndGlobalSection
	GlobalSection(ExtensibilityGlobals) = postSolution
		SolutionGuid = {516E5135-503A-4AE3-AB2E-DD46D07A25EB}
	EndGlobalSection
EndGlobal
